
Microsoft Visual Studio Solution File, Format Version 12.00
Project("{FAE04EC0-301F-11D3-BF4B-00C04F79EFBC}") = "Scp066", "Scp066.csproj", "{22CFB58B-15A4-4EF1-9BB9-25ADCCA6DE36}"
EndProject
Global
	GlobalSection(SolutionConfigurationPlatforms) = preSolution
		Debug|Any CPU = Debug|Any CPU
		Release|Any CPU = Release|Any CPU
	EndGlobalSection
	GlobalSection(ProjectConfigurationPlatforms) = postSolution
		{22CFB58B-15A4-4EF1-9BB9-25ADCCA6DE36}.Release|Any CPU.ActiveCfg = Release|Any CPU
		{22CFB58B-15A4-4EF1-9BB9-25ADCCA6DE36}.Release|Any CPU.Build.0 = Release|Any CPU
		{22CFB58B-15A4-4EF1-9BB9-25ADCCA6DE36}.Debug|Any CPU.ActiveCfg = Release|Any CPU
		{22CFB58B-15A4-4EF1-9BB9-25ADCCA6DE36}.Debug|Any CPU.Build.0 = Release|Any CPU
	EndGlobalSection
EndGlobal
